PODS:
  - BeiJingDailyInfomant (0.1.0)
  - YYCategories (1.0.4):
    - YYCategories/no-arc (= 1.0.4)
  - YYCategories/no-arc (1.0.4)

DEPENDENCIES:
  - BeiJingDailyInfomant (from `./LocalPods/BeiJingDailyInfomant`)
  - YYCategories

SPEC REPOS:
  trunk:
    - YYCategories

EXTERNAL SOURCES:
  BeiJingDailyInfomant:
    :path: "./LocalPods/BeiJingDailyInfomant"

SPEC CHECKSUMS:
  BeiJingDailyInfomant: a6ddf6cadf72678144a6f75acb80d73ff78d43e1
  YYCategories: 6bcd4314c6661a561410dce4a793379ebd306abd

PODFILE CHECKSUM: 2d4c983b01ae5007e4a21ab05bae39760ff7e5cb

COCOAPODS: 1.8.4
