// !$*UTF8*$!
{
	archiveVersion = 1;
	classes = {
	};
	objectVersion = 46;
	objects = {

/* Begin PBXBuildFile section */
		4968226724A7355F002F1067 /* BDBJHMainController.m in Sources */ = {isa = PBXBuildFile; fileRef = 4968226624A7355F002F1067 /* BDBJHMainController.m */; };
		4968226B24A75807002F1067 /* BDDefineScrollView.m in Sources */ = {isa = PBXBuildFile; fileRef = 4968226A24A75807002F1067 /* BDDefineScrollView.m */; };
		4968226E24A76895002F1067 /* BDSegmentItemView.m in Sources */ = {isa = PBXBuildFile; fileRef = 4968226D24A76895002F1067 /* BDSegmentItemView.m */; };
		4968227124A769C4002F1067 /* BDBJHListController.m in Sources */ = {isa = PBXBuildFile; fileRef = 4968227024A769C4002F1067 /* BDBJHListController.m */; };
		4968227424A76B30002F1067 /* UIViewController+BDScroll.m in Sources */ = {isa = PBXBuildFile; fileRef = 4968227324A76B30002F1067 /* UIViewController+BDScroll.m */; };
		496999E524A391CD00C398A8 /* BDTestViewController.m in Sources */ = {isa = PBXBuildFile; fileRef = 496999E424A391CD00C398A8 /* BDTestViewController.m */; };
		496999E724A47ED500C398A8 /* BaoLiaoTypes.geojson in Resources */ = {isa = PBXBuildFile; fileRef = 496999E624A47ED500C398A8 /* BaoLiaoTypes.geojson */; };
		497F256524A9976F00F5A0AD /* BDBJHNewsCell.m in Sources */ = {isa = PBXBuildFile; fileRef = 497F256424A9976F00F5A0AD /* BDBJHNewsCell.m */; };
		49DDE26324A09C04001C0643 /* BDTabbarController.m in Sources */ = {isa = PBXBuildFile; fileRef = 49DDE26224A09C04001C0643 /* BDTabbarController.m */; };
		49DDE26F24A0D7C3001C0643 /* BDMeHeadView.m in Sources */ = {isa = PBXBuildFile; fileRef = 49DDE26E24A0D7C3001C0643 /* BDMeHeadView.m */; };
		49DDE27E24A1EBC0001C0643 /* BDMeTopFourCell.m in Sources */ = {isa = PBXBuildFile; fileRef = 49DDE27D24A1EBC0001C0643 /* BDMeTopFourCell.m */; };
		49DDE28124A20221001C0643 /* BDMeBaoLiaoReusableView.m in Sources */ = {isa = PBXBuildFile; fileRef = 49DDE28024A20221001C0643 /* BDMeBaoLiaoReusableView.m */; };
		49DDE28724A2246A001C0643 /* BDAppDelegate+Category.m in Sources */ = {isa = PBXBuildFile; fileRef = 49DDE28624A2246A001C0643 /* BDAppDelegate+Category.m */; };
		6003F58E195388D20070C39A /* Foundation.framework in Frameworks */ = {isa = PBXBuildFile; fileRef = 6003F58D195388D20070C39A /* Foundation.framework */; };
		6003F590195388D20070C39A /* CoreGraphics.framework in Frameworks */ = {isa = PBXBuildFile; fileRef = 6003F58F195388D20070C39A /* CoreGraphics.framework */; };
		6003F592195388D20070C39A /* UIKit.framework in Frameworks */ = {isa = PBXBuildFile; fileRef = 6003F591195388D20070C39A /* UIKit.framework */; };
		6003F598195388D20070C39A /* InfoPlist.strings in Resources */ = {isa = PBXBuildFile; fileRef = 6003F596195388D20070C39A /* InfoPlist.strings */; };
		6003F59A195388D20070C39A /* main.m in Sources */ = {isa = PBXBuildFile; fileRef = 6003F599195388D20070C39A /* main.m */; };
		6003F59E195388D20070C39A /* BDAppDelegate.m in Sources */ = {isa = PBXBuildFile; fileRef = 6003F59D195388D20070C39A /* BDAppDelegate.m */; };
		6003F5A7195388D20070C39A /* BDMeViewController.m in Sources */ = {isa = PBXBuildFile; fileRef = 6003F5A6195388D20070C39A /* BDMeViewController.m */; };
		6003F5A9195388D20070C39A /* Images.xcassets in Resources */ = {isa = PBXBuildFile; fileRef = 6003F5A8195388D20070C39A /* Images.xcassets */; };
		6003F5B0195388D20070C39A /* XCTest.framework in Frameworks */ = {isa = PBXBuildFile; fileRef = 6003F5AF195388D20070C39A /* XCTest.framework */; };
		6003F5B1195388D20070C39A /* Foundation.framework in Frameworks */ = {isa = PBXBuildFile; fileRef = 6003F58D195388D20070C39A /* Foundation.framework */; };
		6003F5B2195388D20070C39A /* UIKit.framework in Frameworks */ = {isa = PBXBuildFile; fileRef = 6003F591195388D20070C39A /* UIKit.framework */; };
		6003F5BA195388D20070C39A /* InfoPlist.strings in Resources */ = {isa = PBXBuildFile; fileRef = 6003F5B8195388D20070C39A /* InfoPlist.strings */; };
		6003F5BC195388D20070C39A /* Tests.m in Sources */ = {isa = PBXBuildFile; fileRef = 6003F5BB195388D20070C39A /* Tests.m */; };
		71719F9F1E33DC2100824A3D /* LaunchScreen.storyboard in Resources */ = {isa = PBXBuildFile; fileRef = 71719F9D1E33DC2100824A3D /* LaunchScreen.storyboard */; };
		DB728C036037A1359C2C4EF0 /* Pods_BeiJingDailyInfomant_Example.framework in Frameworks */ = {isa = PBXBuildFile; fileRef = 6F44C4EA0BBD9E68AFEA41B0 /* Pods_BeiJingDailyInfomant_Example.framework */; };
		DC2885E153C1061E3C54E791 /* Pods_BeiJingDailyInfomant_Tests.framework in Frameworks */ = {isa = PBXBuildFile; fileRef = 9259E8A83C881D7ECEADC73A /* Pods_BeiJingDailyInfomant_Tests.framework */; };
/* End PBXBuildFile section */

/* Begin PBXContainerItemProxy section */
		6003F5B3195388D20070C39A /* PBXContainerItemProxy */ = {
			isa = PBXContainerItemProxy;
			containerPortal = 6003F582195388D10070C39A /* Project object */;
			proxyType = 1;
			remoteGlobalIDString = 6003F589195388D20070C39A;
			remoteInfo = BeiJingDailyInfomant;
		};
/* End PBXContainerItemProxy section */

/* Begin PBXFileReference section */
		2621219264EEBCDDDF4131F3 /* Pods-BeiJingDailyInfomant_Tests.debug.xcconfig */ = {isa = PBXFileReference; includeInIndex = 1; lastKnownFileType = text.xcconfig; name = "Pods-BeiJingDailyInfomant_Tests.debug.xcconfig"; path = "Target Support Files/Pods-BeiJingDailyInfomant_Tests/Pods-BeiJingDailyInfomant_Tests.debug.xcconfig"; sourceTree = "<group>"; };
		2E271A2771E218C15864C672 /* Pods-BeiJingDailyInfomant_Tests.release.xcconfig */ = {isa = PBXFileReference; includeInIndex = 1; lastKnownFileType = text.xcconfig; name = "Pods-BeiJingDailyInfomant_Tests.release.xcconfig"; path = "Target Support Files/Pods-BeiJingDailyInfomant_Tests/Pods-BeiJingDailyInfomant_Tests.release.xcconfig"; sourceTree = "<group>"; };
		46D4349AFD9FDCC4F995E9CF /* LICENSE */ = {isa = PBXFileReference; includeInIndex = 1; lastKnownFileType = text; name = LICENSE; path = ../LICENSE; sourceTree = "<group>"; };
		4968226524A7355F002F1067 /* BDBJHMainController.h */ = {isa = PBXFileReference; lastKnownFileType = sourcecode.c.h; path = BDBJHMainController.h; sourceTree = "<group>"; };
		4968226624A7355F002F1067 /* BDBJHMainController.m */ = {isa = PBXFileReference; lastKnownFileType = sourcecode.c.objc; path = BDBJHMainController.m; sourceTree = "<group>"; };
		4968226924A75807002F1067 /* BDDefineScrollView.h */ = {isa = PBXFileReference; lastKnownFileType = sourcecode.c.h; path = BDDefineScrollView.h; sourceTree = "<group>"; };
		4968226A24A75807002F1067 /* BDDefineScrollView.m */ = {isa = PBXFileReference; lastKnownFileType = sourcecode.c.objc; path = BDDefineScrollView.m; sourceTree = "<group>"; };
		4968226C24A76895002F1067 /* BDSegmentItemView.h */ = {isa = PBXFileReference; lastKnownFileType = sourcecode.c.h; path = BDSegmentItemView.h; sourceTree = "<group>"; };
		4968226D24A76895002F1067 /* BDSegmentItemView.m */ = {isa = PBXFileReference; lastKnownFileType = sourcecode.c.objc; path = BDSegmentItemView.m; sourceTree = "<group>"; };
		4968226F24A769C4002F1067 /* BDBJHListController.h */ = {isa = PBXFileReference; lastKnownFileType = sourcecode.c.h; path = BDBJHListController.h; sourceTree = "<group>"; };
		4968227024A769C4002F1067 /* BDBJHListController.m */ = {isa = PBXFileReference; lastKnownFileType = sourcecode.c.objc; path = BDBJHListController.m; sourceTree = "<group>"; };
		4968227224A76B30002F1067 /* UIViewController+BDScroll.h */ = {isa = PBXFileReference; lastKnownFileType = sourcecode.c.h; path = "UIViewController+BDScroll.h"; sourceTree = "<group>"; };
		4968227324A76B30002F1067 /* UIViewController+BDScroll.m */ = {isa = PBXFileReference; lastKnownFileType = sourcecode.c.objc; path = "UIViewController+BDScroll.m"; sourceTree = "<group>"; };
		496999E324A391CD00C398A8 /* BDTestViewController.h */ = {isa = PBXFileReference; lastKnownFileType = sourcecode.c.h; path = BDTestViewController.h; sourceTree = "<group>"; };
		496999E424A391CD00C398A8 /* BDTestViewController.m */ = {isa = PBXFileReference; lastKnownFileType = sourcecode.c.objc; path = BDTestViewController.m; sourceTree = "<group>"; };
		496999E624A47ED500C398A8 /* BaoLiaoTypes.geojson */ = {isa = PBXFileReference; lastKnownFileType = text; name = BaoLiaoTypes.geojson; path = ../../../../Documents/BaoLiaoTypes.geojson; sourceTree = "<group>"; };
		497F256024A8955200F5A0AD /* zh-Hans */ = {isa = PBXFileReference; lastKnownFileType = text.plist.strings; name = "zh-Hans"; path = "zh-Hans.lproj/LaunchScreen.strings"; sourceTree = "<group>"; };
		497F256124A8955200F5A0AD /* zh-Hans */ = {isa = PBXFileReference; lastKnownFileType = text.plist.strings; name = "zh-Hans"; path = "zh-Hans.lproj/InfoPlist.strings"; sourceTree = "<group>"; };
		497F256224A8955200F5A0AD /* zh-Hans */ = {isa = PBXFileReference; lastKnownFileType = text.plist.strings; name = "zh-Hans"; path = "zh-Hans.lproj/InfoPlist.strings"; sourceTree = "<group>"; };
		497F256324A9976F00F5A0AD /* BDBJHNewsCell.h */ = {isa = PBXFileReference; lastKnownFileType = sourcecode.c.h; path = BDBJHNewsCell.h; sourceTree = "<group>"; };
		497F256424A9976F00F5A0AD /* BDBJHNewsCell.m */ = {isa = PBXFileReference; lastKnownFileType = sourcecode.c.objc; path = BDBJHNewsCell.m; sourceTree = "<group>"; };
		49DDE22D249F69D2001C0643 /* BJHao.geojson */ = {isa = PBXFileReference; lastKnownFileType = text; path = BJHao.geojson; sourceTree = "<group>"; };
		49DDE26124A09C04001C0643 /* BDTabbarController.h */ = {isa = PBXFileReference; lastKnownFileType = sourcecode.c.h; path = BDTabbarController.h; sourceTree = "<group>"; };
		49DDE26224A09C04001C0643 /* BDTabbarController.m */ = {isa = PBXFileReference; lastKnownFileType = sourcecode.c.objc; path = BDTabbarController.m; sourceTree = "<group>"; };
		49DDE26D24A0D7C3001C0643 /* BDMeHeadView.h */ = {isa = PBXFileReference; lastKnownFileType = sourcecode.c.h; path = BDMeHeadView.h; sourceTree = "<group>"; };
		49DDE26E24A0D7C3001C0643 /* BDMeHeadView.m */ = {isa = PBXFileReference; lastKnownFileType = sourcecode.c.objc; path = BDMeHeadView.m; sourceTree = "<group>"; };
		49DDE27C24A1EBC0001C0643 /* BDMeTopFourCell.h */ = {isa = PBXFileReference; lastKnownFileType = sourcecode.c.h; path = BDMeTopFourCell.h; sourceTree = "<group>"; };
		49DDE27D24A1EBC0001C0643 /* BDMeTopFourCell.m */ = {isa = PBXFileReference; lastKnownFileType = sourcecode.c.objc; path = BDMeTopFourCell.m; sourceTree = "<group>"; };
		49DDE27F24A20221001C0643 /* BDMeBaoLiaoReusableView.h */ = {isa = PBXFileReference; lastKnownFileType = sourcecode.c.h; path = BDMeBaoLiaoReusableView.h; sourceTree = "<group>"; };
		49DDE28024A20221001C0643 /* BDMeBaoLiaoReusableView.m */ = {isa = PBXFileReference; lastKnownFileType = sourcecode.c.objc; path = BDMeBaoLiaoReusableView.m; sourceTree = "<group>"; };
		49DDE28524A2246A001C0643 /* BDAppDelegate+Category.h */ = {isa = PBXFileReference; lastKnownFileType = sourcecode.c.h; path = "BDAppDelegate+Category.h"; sourceTree = "<group>"; };
		49DDE28624A2246A001C0643 /* BDAppDelegate+Category.m */ = {isa = PBXFileReference; lastKnownFileType = sourcecode.c.objc; path = "BDAppDelegate+Category.m"; sourceTree = "<group>"; };
		5892495CCDE3CDDE6C363A23 /* README.md */ = {isa = PBXFileReference; includeInIndex = 1; lastKnownFileType = net.daringfireball.markdown; name = README.md; path = ../README.md; sourceTree = "<group>"; };
		6003F58A195388D20070C39A /* BeiJingDailyInfomant_Example.app */ = {isa = PBXFileReference; explicitFileType = wrapper.application; includeInIndex = 0; path = BeiJingDailyInfomant_Example.app; sourceTree = BUILT_PRODUCTS_DIR; };
		6003F58D195388D20070C39A /* Foundation.framework */ = {isa = PBXFileReference; lastKnownFileType = wrapper.framework; name = Foundation.framework; path = System/Library/Frameworks/Foundation.framework; sourceTree = SDKROOT; };
		6003F58F195388D20070C39A /* CoreGraphics.framework */ = {isa = PBXFileReference; lastKnownFileType = wrapper.framework; name = CoreGraphics.framework; path = System/Library/Frameworks/CoreGraphics.framework; sourceTree = SDKROOT; };
		6003F591195388D20070C39A /* UIKit.framework */ = {isa = PBXFileReference; lastKnownFileType = wrapper.framework; name = UIKit.framework; path = System/Library/Frameworks/UIKit.framework; sourceTree = SDKROOT; };
		6003F595195388D20070C39A /* BeiJingDailyInfomant-Info.plist */ = {isa = PBXFileReference; lastKnownFileType = text.plist.xml; path = "BeiJingDailyInfomant-Info.plist"; sourceTree = "<group>"; };
		6003F597195388D20070C39A /* en */ = {isa = PBXFileReference; lastKnownFileType = text.plist.strings; name = en; path = en.lproj/InfoPlist.strings; sourceTree = "<group>"; };
		6003F599195388D20070C39A /* main.m */ = {isa = PBXFileReference; lastKnownFileType = sourcecode.c.objc; path = main.m; sourceTree = "<group>"; };
		6003F59B195388D20070C39A /* BeiJingDailyInfomant-Prefix.pch */ = {isa = PBXFileReference; lastKnownFileType = sourcecode.c.h; path = "BeiJingDailyInfomant-Prefix.pch"; sourceTree = "<group>"; };
		6003F59C195388D20070C39A /* BDAppDelegate.h */ = {isa = PBXFileReference; lastKnownFileType = sourcecode.c.h; path = BDAppDelegate.h; sourceTree = "<group>"; };
		6003F59D195388D20070C39A /* BDAppDelegate.m */ = {isa = PBXFileReference; lastKnownFileType = sourcecode.c.objc; path = BDAppDelegate.m; sourceTree = "<group>"; };
		6003F5A5195388D20070C39A /* BDMeViewController.h */ = {isa = PBXFileReference; lastKnownFileType = sourcecode.c.h; path = BDMeViewController.h; sourceTree = "<group>"; };
		6003F5A6195388D20070C39A /* BDMeViewController.m */ = {isa = PBXFileReference; lastKnownFileType = sourcecode.c.objc; path = BDMeViewController.m; sourceTree = "<group>"; };
		6003F5A8195388D20070C39A /* Images.xcassets */ = {isa = PBXFileReference; lastKnownFileType = folder.assetcatalog; path = Images.xcassets; sourceTree = "<group>"; };
		6003F5AE195388D20070C39A /* BeiJingDailyInfomant_Tests.xctest */ = {isa = PBXFileReference; explicitFileType = wrapper.cfbundle; includeInIndex = 0; path = BeiJingDailyInfomant_Tests.xctest; sourceTree = BUILT_PRODUCTS_DIR; };
		6003F5AF195388D20070C39A /* XCTest.framework */ = {isa = PBXFileReference; lastKnownFileType = wrapper.framework; name = XCTest.framework; path = Library/Frameworks/XCTest.framework; sourceTree = DEVELOPER_DIR; };
		6003F5B7195388D20070C39A /* Tests-Info.plist */ = {isa = PBXFileReference; lastKnownFileType = text.plist.xml; path = "Tests-Info.plist"; sourceTree = "<group>"; };
		6003F5B9195388D20070C39A /* en */ = {isa = PBXFileReference; lastKnownFileType = text.plist.strings; name = en; path = en.lproj/InfoPlist.strings; sourceTree = "<group>"; };
		6003F5BB195388D20070C39A /* Tests.m */ = {isa = PBXFileReference; lastKnownFileType = sourcecode.c.objc; path = Tests.m; sourceTree = "<group>"; };
		606FC2411953D9B200FFA9A0 /* Tests-Prefix.pch */ = {isa = PBXFileReference; lastKnownFileType = sourcecode.c.h; path = "Tests-Prefix.pch"; sourceTree = "<group>"; };
		6F44C4EA0BBD9E68AFEA41B0 /* Pods_BeiJingDailyInfomant_Example.framework */ = {isa = PBXFileReference; explicitFileType = wrapper.framework; includeInIndex = 0; path = Pods_BeiJingDailyInfomant_Example.framework; sourceTree = BUILT_PRODUCTS_DIR; };
		71719F9E1E33DC2100824A3D /* Base */ = {isa = PBXFileReference; lastKnownFileType = file.storyboard; name = Base; path = Base.lproj/LaunchScreen.storyboard; sourceTree = "<group>"; };
		8AF941461D817FC5C1D2B16A /* Pods-BeiJingDailyInfomant_Example.debug.xcconfig */ = {isa = PBXFileReference; includeInIndex = 1; lastKnownFileType = text.xcconfig; name = "Pods-BeiJingDailyInfomant_Example.debug.xcconfig"; path = "Target Support Files/Pods-BeiJingDailyInfomant_Example/Pods-BeiJingDailyInfomant_Example.debug.xcconfig"; sourceTree = "<group>"; };
		9259E8A83C881D7ECEADC73A /* Pods_BeiJingDailyInfomant_Tests.framework */ = {isa = PBXFileReference; explicitFileType = wrapper.framework; includeInIndex = 0; path = Pods_BeiJingDailyInfomant_Tests.framework; sourceTree = BUILT_PRODUCTS_DIR; };
		A50507072EE596FF0DACBEAC /* Pods-BeiJingDailyInfomant_Example.release.xcconfig */ = {isa = PBXFileReference; includeInIndex = 1; lastKnownFileType = text.xcconfig; name = "Pods-BeiJingDailyInfomant_Example.release.xcconfig"; path = "Target Support Files/Pods-BeiJingDailyInfomant_Example/Pods-BeiJingDailyInfomant_Example.release.xcconfig"; sourceTree = "<group>"; };
/* End PBXFileReference section */

/* Begin PBXFrameworksBuildPhase section */
		6003F587195388D20070C39A /* Frameworks */ = {
			isa = PBXFrameworksBuildPhase;
			buildActionMask = 2147483647;
			files = (
				6003F590195388D20070C39A /* CoreGraphics.framework in Frameworks */,
				6003F592195388D20070C39A /* UIKit.framework in Frameworks */,
				6003F58E195388D20070C39A /* Foundation.framework in Frameworks */,
				DB728C036037A1359C2C4EF0 /* Pods_BeiJingDailyInfomant_Example.framework in Frameworks */,
			);
			runOnlyForDeploymentPostprocessing = 0;
		};
		6003F5AB195388D20070C39A /* Frameworks */ = {
			isa = PBXFrameworksBuildPhase;
			buildActionMask = 2147483647;
			files = (
				6003F5B0195388D20070C39A /* XCTest.framework in Frameworks */,
				6003F5B2195388D20070C39A /* UIKit.framework in Frameworks */,
				6003F5B1195388D20070C39A /* Foundation.framework in Frameworks */,
				DC2885E153C1061E3C54E791 /* Pods_BeiJingDailyInfomant_Tests.framework in Frameworks */,
			);
			runOnlyForDeploymentPostprocessing = 0;
		};
/* End PBXFrameworksBuildPhase section */

/* Begin PBXGroup section */
		4968226324A73531002F1067 /* BJH(北京号) */ = {
			isa = PBXGroup;
			children = (
				4968226824A757E4002F1067 /* views */,
				4968226424A73540002F1067 /* viewController */,
			);
			path = "BJH(北京号)";
			sourceTree = "<group>";
		};
		4968226424A73540002F1067 /* viewController */ = {
			isa = PBXGroup;
			children = (
				4968226524A7355F002F1067 /* BDBJHMainController.h */,
				4968226624A7355F002F1067 /* BDBJHMainController.m */,
				4968226F24A769C4002F1067 /* BDBJHListController.h */,
				4968227024A769C4002F1067 /* BDBJHListController.m */,
				4968227224A76B30002F1067 /* UIViewController+BDScroll.h */,
				4968227324A76B30002F1067 /* UIViewController+BDScroll.m */,
			);
			path = viewController;
			sourceTree = "<group>";
		};
		4968226824A757E4002F1067 /* views */ = {
			isa = PBXGroup;
			children = (
				4968226924A75807002F1067 /* BDDefineScrollView.h */,
				4968226A24A75807002F1067 /* BDDefineScrollView.m */,
				4968226C24A76895002F1067 /* BDSegmentItemView.h */,
				4968226D24A76895002F1067 /* BDSegmentItemView.m */,
				497F256324A9976F00F5A0AD /* BDBJHNewsCell.h */,
				497F256424A9976F00F5A0AD /* BDBJHNewsCell.m */,
			);
			path = views;
			sourceTree = "<group>";
		};
		496999E224A3916800C398A8 /* Test */ = {
			isa = PBXGroup;
			children = (
				49DDE22D249F69D2001C0643 /* BJHao.geojson */,
				496999E324A391CD00C398A8 /* BDTestViewController.h */,
				496999E424A391CD00C398A8 /* BDTestViewController.m */,
				496999E624A47ED500C398A8 /* BaoLiaoTypes.geojson */,
			);
			path = Test;
			sourceTree = "<group>";
		};
		49DDE26524A0A1BF001C0643 /* Main */ = {
			isa = PBXGroup;
			children = (
				49DDE26124A09C04001C0643 /* BDTabbarController.h */,
				49DDE26224A09C04001C0643 /* BDTabbarController.m */,
				6003F59C195388D20070C39A /* BDAppDelegate.h */,
				6003F59D195388D20070C39A /* BDAppDelegate.m */,
				49DDE28524A2246A001C0643 /* BDAppDelegate+Category.h */,
				49DDE28624A2246A001C0643 /* BDAppDelegate+Category.m */,
			);
			path = Main;
			sourceTree = "<group>";
		};
		49DDE26624A0A2E2001C0643 /* Mine(我的) */ = {
			isa = PBXGroup;
			children = (
				49DDE26C24A0D639001C0643 /* views */,
				49DDE26B24A0D621001C0643 /* controller */,
			);
			path = "Mine(我的)";
			sourceTree = "<group>";
		};
		49DDE26B24A0D621001C0643 /* controller */ = {
			isa = PBXGroup;
			children = (
				6003F5A5195388D20070C39A /* BDMeViewController.h */,
				6003F5A6195388D20070C39A /* BDMeViewController.m */,
			);
			path = controller;
			sourceTree = "<group>";
		};
		49DDE26C24A0D639001C0643 /* views */ = {
			isa = PBXGroup;
			children = (
				49DDE27C24A1EBC0001C0643 /* BDMeTopFourCell.h */,
				49DDE27D24A1EBC0001C0643 /* BDMeTopFourCell.m */,
				49DDE26D24A0D7C3001C0643 /* BDMeHeadView.h */,
				49DDE26E24A0D7C3001C0643 /* BDMeHeadView.m */,
				49DDE27F24A20221001C0643 /* BDMeBaoLiaoReusableView.h */,
				49DDE28024A20221001C0643 /* BDMeBaoLiaoReusableView.m */,
			);
			path = views;
			sourceTree = "<group>";
		};
		6003F581195388D10070C39A = {
			isa = PBXGroup;
			children = (
				60FF7A9C1954A5C5007DD14C /* Podspec Metadata */,
				6003F593195388D20070C39A /* Example for BeiJingDailyInfomant */,
				6003F5B5195388D20070C39A /* Tests */,
				6003F58C195388D20070C39A /* Frameworks */,
				6003F58B195388D20070C39A /* Products */,
				981441CEB72F84C9B80564F2 /* Pods */,
			);
			sourceTree = "<group>";
		};
		6003F58B195388D20070C39A /* Products */ = {
			isa = PBXGroup;
			children = (
				6003F58A195388D20070C39A /* BeiJingDailyInfomant_Example.app */,
				6003F5AE195388D20070C39A /* BeiJingDailyInfomant_Tests.xctest */,
			);
			name = Products;
			sourceTree = "<group>";
		};
		6003F58C195388D20070C39A /* Frameworks */ = {
			isa = PBXGroup;
			children = (
				6003F58D195388D20070C39A /* Foundation.framework */,
				6003F58F195388D20070C39A /* CoreGraphics.framework */,
				6003F591195388D20070C39A /* UIKit.framework */,
				6003F5AF195388D20070C39A /* XCTest.framework */,
				6F44C4EA0BBD9E68AFEA41B0 /* Pods_BeiJingDailyInfomant_Example.framework */,
				9259E8A83C881D7ECEADC73A /* Pods_BeiJingDailyInfomant_Tests.framework */,
			);
			name = Frameworks;
			sourceTree = "<group>";
		};
		6003F593195388D20070C39A /* Example for BeiJingDailyInfomant */ = {
			isa = PBXGroup;
			children = (
				4968226324A73531002F1067 /* BJH(北京号) */,
				49DDE26624A0A2E2001C0643 /* Mine(我的) */,
				49DDE26524A0A1BF001C0643 /* Main */,
				71719F9D1E33DC2100824A3D /* LaunchScreen.storyboard */,
				6003F5A8195388D20070C39A /* Images.xcassets */,
				496999E224A3916800C398A8 /* Test */,
				6003F594195388D20070C39A /* Supporting Files */,
			);
			name = "Example for BeiJingDailyInfomant";
			path = BeiJingDailyInfomant;
			sourceTree = "<group>";
		};
		6003F594195388D20070C39A /* Supporting Files */ = {
			isa = PBXGroup;
			children = (
				6003F595195388D20070C39A /* BeiJingDailyInfomant-Info.plist */,
				6003F596195388D20070C39A /* InfoPlist.strings */,
				6003F599195388D20070C39A /* main.m */,
				6003F59B195388D20070C39A /* BeiJingDailyInfomant-Prefix.pch */,
			);
			name = "Supporting Files";
			sourceTree = "<group>";
		};
		6003F5B5195388D20070C39A /* Tests */ = {
			isa = PBXGroup;
			children = (
				6003F5BB195388D20070C39A /* Tests.m */,
				6003F5B6195388D20070C39A /* Supporting Files */,
			);
			path = Tests;
			sourceTree = "<group>";
		};
		6003F5B6195388D20070C39A /* Supporting Files */ = {
			isa = PBXGroup;
			children = (
				6003F5B7195388D20070C39A /* Tests-Info.plist */,
				6003F5B8195388D20070C39A /* InfoPlist.strings */,
				606FC2411953D9B200FFA9A0 /* Tests-Prefix.pch */,
			);
			name = "Supporting Files";
			sourceTree = "<group>";
		};
		60FF7A9C1954A5C5007DD14C /* Podspec Metadata */ = {
			isa = PBXGroup;
			children = (
				5892495CCDE3CDDE6C363A23 /* README.md */,
				46D4349AFD9FDCC4F995E9CF /* LICENSE */,
			);
			name = "Podspec Metadata";
			sourceTree = "<group>";
		};
		981441CEB72F84C9B80564F2 /* Pods */ = {
			isa = PBXGroup;
			children = (
				8AF941461D817FC5C1D2B16A /* Pods-BeiJingDailyInfomant_Example.debug.xcconfig */,
				A50507072EE596FF0DACBEAC /* Pods-BeiJingDailyInfomant_Example.release.xcconfig */,
				2621219264EEBCDDDF4131F3 /* Pods-BeiJingDailyInfomant_Tests.debug.xcconfig */,
				2E271A2771E218C15864C672 /* Pods-BeiJingDailyInfomant_Tests.release.xcconfig */,
			);
			path = Pods;
			sourceTree = "<group>";
		};
/* End PBXGroup section */

/* Begin PBXNativeTarget section */
		6003F589195388D20070C39A /* BeiJingDailyInfomant_Example */ = {
			isa = PBXNativeTarget;
			buildConfigurationList = 6003F5BF195388D20070C39A /* Build configuration list for PBXNativeTarget "BeiJingDailyInfomant_Example" */;
			buildPhases = (
				429FCF1728FAD51FF4187056 /* [CP] Check Pods Manifest.lock */,
				6003F586195388D20070C39A /* Sources */,
				6003F587195388D20070C39A /* Frameworks */,
				6003F588195388D20070C39A /* Resources */,
				F1F476CE00BEBB0CE1B28EA2 /* [CP] Embed Pods Frameworks */,
			);
			buildRules = (
			);
			dependencies = (
			);
			name = BeiJingDailyInfomant_Example;
			productName = BeiJingDailyInfomant;
			productReference = 6003F58A195388D20070C39A /* BeiJingDailyInfomant_Example.app */;
			productType = "com.apple.product-type.application";
		};
		6003F5AD195388D20070C39A /* BeiJingDailyInfomant_Tests */ = {
			isa = PBXNativeTarget;
			buildConfigurationList = 6003F5C2195388D20070C39A /* Build configuration list for PBXNativeTarget "BeiJingDailyInfomant_Tests" */;
			buildPhases = (
				EDABB38DFCEE4A232322F0DC /* [CP] Check Pods Manifest.lock */,
				6003F5AA195388D20070C39A /* Sources */,
				6003F5AB195388D20070C39A /* Frameworks */,
				6003F5AC195388D20070C39A /* Resources */,
			);
			buildRules = (
			);
			dependencies = (
				6003F5B4195388D20070C39A /* PBXTargetDependency */,
			);
			name = BeiJingDailyInfomant_Tests;
			productName = BeiJingDailyInfomantTests;
			productReference = 6003F5AE195388D20070C39A /* BeiJingDailyInfomant_Tests.xctest */;
			productType = "com.apple.product-type.bundle.unit-test";
		};
/* End PBXNativeTarget section */

/* Begin PBXProject section */
		6003F582195388D10070C39A /* Project object */ = {
			isa = PBXProject;
			attributes = {
				CLASSPREFIX = BD;
				LastUpgradeCheck = 0720;
				ORGANIZATIONNAME = silverBullet;
				TargetAttributes = {
					6003F589195388D20070C39A = {
						DevelopmentTeam = 56NGMCS5S7;
					};
					6003F5AD195388D20070C39A = {
						TestTargetID = 6003F589195388D20070C39A;
					};
				};
			};
			buildConfigurationList = 6003F585195388D10070C39A /* Build configuration list for PBXProject "BeiJingDailyInfomant" */;
			compatibilityVersion = "Xcode 3.2";
			developmentRegion = English;
			hasScannedForEncodings = 0;
			knownRegions = (
				English,
				en,
				Base,
				"zh-Hans",
			);
			mainGroup = 6003F581195388D10070C39A;
			productRefGroup = 6003F58B195388D20070C39A /* Products */;
			projectDirPath = "";
			projectRoot = "";
			targets = (
				6003F589195388D20070C39A /* BeiJingDailyInfomant_Example */,
				6003F5AD195388D20070C39A /* BeiJingDailyInfomant_Tests */,
			);
		};
/* End PBXProject section */

/* Begin PBXResourcesBuildPhase section */
		6003F588195388D20070C39A /* Resources */ = {
			isa = PBXResourcesBuildPhase;
			buildActionMask = 2147483647;
			files = (
				71719F9F1E33DC2100824A3D /* LaunchScreen.storyboard in Resources */,
				6003F5A9195388D20070C39A /* Images.xcassets in Resources */,
				6003F598195388D20070C39A /* InfoPlist.strings in Resources */,
				496999E724A47ED500C398A8 /* BaoLiaoTypes.geojson in Resources */,
			);
			runOnlyForDeploymentPostprocessing = 0;
		};
		6003F5AC195388D20070C39A /* Resources */ = {
			isa = PBXResourcesBuildPhase;
			buildActionMask = 2147483647;
			files = (
				6003F5BA195388D20070C39A /* InfoPlist.strings in Resources */,
			);
			runOnlyForDeploymentPostprocessing = 0;
		};
/* End PBXResourcesBuildPhase section */

/* Begin PBXShellScriptBuildPhase section */
		429FCF1728FAD51FF4187056 /* [CP] Check Pods Manifest.lock */ = {
			isa = PBXShellScriptBuildPhase;
			buildActionMask = 2147483647;
			files = (
			);
			inputFileListPaths = (
			);
			inputPaths = (
				"${PODS_PODFILE_DIR_PATH}/Podfile.lock",
				"${PODS_ROOT}/Manifest.lock",
			);
			name = "[CP] Check Pods Manifest.lock";
			outputFileListPaths = (
			);
			outputPaths = (
				"$(DERIVED_FILE_DIR)/Pods-BeiJingDailyInfomant_Example-checkManifestLockResult.txt",
			);
			runOnlyForDeploymentPostprocessing = 0;
			shellPath = /bin/sh;
			shellScript = "diff \"${PODS_PODFILE_DIR_PATH}/Podfile.lock\" \"${PODS_ROOT}/Manifest.lock\" > /dev/null\nif [ $? != 0 ] ; then\n    # print error to STDERR\n    echo \"error: The sandbox is not in sync with the Podfile.lock. Run 'pod install' or update your CocoaPods installation.\" >&2\n    exit 1\nfi\n# This output is used by Xcode 'outputs' to avoid re-running this script phase.\necho \"SUCCESS\" > \"${SCRIPT_OUTPUT_FILE_0}\"\n";
			showEnvVarsInLog = 0;
		};
		EDABB38DFCEE4A232322F0DC /* [CP] Check Pods Manifest.lock */ = {
			isa = PBXShellScriptBuildPhase;
			buildActionMask = 2147483647;
			files = (
			);
			inputFileListPaths = (
			);
			inputPaths = (
				"${PODS_PODFILE_DIR_PATH}/Podfile.lock",
				"${PODS_ROOT}/Manifest.lock",
			);
			name = "[CP] Check Pods Manifest.lock";
			outputFileListPaths = (
			);
			outputPaths = (
				"$(DERIVED_FILE_DIR)/Pods-BeiJingDailyInfomant_Tests-checkManifestLockResult.txt",
			);
			runOnlyForDeploymentPostprocessing = 0;
			shellPath = /bin/sh;
			shellScript = "diff \"${PODS_PODFILE_DIR_PATH}/Podfile.lock\" \"${PODS_ROOT}/Manifest.lock\" > /dev/null\nif [ $? != 0 ] ; then\n    # print error to STDERR\n    echo \"error: The sandbox is not in sync with the Podfile.lock. Run 'pod install' or update your CocoaPods installation.\" >&2\n    exit 1\nfi\n# This output is used by Xcode 'outputs' to avoid re-running this script phase.\necho \"SUCCESS\" > \"${SCRIPT_OUTPUT_FILE_0}\"\n";
			showEnvVarsInLog = 0;
		};
		F1F476CE00BEBB0CE1B28EA2 /* [CP] Embed Pods Frameworks */ = {
			isa = PBXShellScriptBuildPhase;
			buildActionMask = 2147483647;
			files = (
			);
			inputPaths = (
				"${PODS_ROOT}/Target Support Files/Pods-BeiJingDailyInfomant_Example/Pods-BeiJingDailyInfomant_Example-frameworks.sh",
				"${BUILT_PRODUCTS_DIR}/BeiJingDailyInfomant/BeiJingDailyInfomant.framework",
				"${BUILT_PRODUCTS_DIR}/MGJRouter/MGJRouter.framework",
				"${BUILT_PRODUCTS_DIR}/MJExtension/MJExtension.framework",
				"${BUILT_PRODUCTS_DIR}/Masonry/Masonry.framework",
				"${BUILT_PRODUCTS_DIR}/SDWebImage/SDWebImage.framework",
				"${BUILT_PRODUCTS_DIR}/TZImagePickerController/TZImagePickerController.framework",
				"${BUILT_PRODUCTS_DIR}/YJUsefulUIKit/YJUsefulUIKit.framework",
				"${BUILT_PRODUCTS_DIR}/YYCategories/YYCategories.framework",
			);
			name = "[CP] Embed Pods Frameworks";
			outputPaths = (
				"${TARGET_BUILD_DIR}/${FRAMEWORKS_FOLDER_PATH}/BeiJingDailyInfomant.framework",
				"${TARGET_BUILD_DIR}/${FRAMEWORKS_FOLDER_PATH}/MGJRouter.framework",
				"${TARGET_BUILD_DIR}/${FRAMEWORKS_FOLDER_PATH}/MJExtension.framework",
				"${TARGET_BUILD_DIR}/${FRAMEWORKS_FOLDER_PATH}/Masonry.framework",
				"${TARGET_BUILD_DIR}/${FRAMEWORKS_FOLDER_PATH}/SDWebImage.framework",
				"${TARGET_BUILD_DIR}/${FRAMEWORKS_FOLDER_PATH}/TZImagePickerController.framework",
				"${TARGET_BUILD_DIR}/${FRAMEWORKS_FOLDER_PATH}/YJUsefulUIKit.framework",
				"${TARGET_BUILD_DIR}/${FRAMEWORKS_FOLDER_PATH}/YYCategories.framework",
			);
			runOnlyForDeploymentPostprocessing = 0;
			shellPath = /bin/sh;
			shellScript = "\"${PODS_ROOT}/Target Support Files/Pods-BeiJingDailyInfomant_Example/Pods-BeiJingDailyInfomant_Example-frameworks.sh\"\n";
			showEnvVarsInLog = 0;
		};
/* End PBXShellScriptBuildPhase section */

/* Begin PBXSourcesBuildPhase section */
		6003F586195388D20070C39A /* Sources */ = {
			isa = PBXSourcesBuildPhase;
			buildActionMask = 2147483647;
			files = (
				49DDE28724A2246A001C0643 /* BDAppDelegate+Category.m in Sources */,
				6003F59E195388D20070C39A /* BDAppDelegate.m in Sources */,
				4968227124A769C4002F1067 /* BDBJHListController.m in Sources */,
				496999E524A391CD00C398A8 /* BDTestViewController.m in Sources */,
				4968226724A7355F002F1067 /* BDBJHMainController.m in Sources */,
				6003F5A7195388D20070C39A /* BDMeViewController.m in Sources */,
				4968226E24A76895002F1067 /* BDSegmentItemView.m in Sources */,
				49DDE26324A09C04001C0643 /* BDTabbarController.m in Sources */,
				49DDE28124A20221001C0643 /* BDMeBaoLiaoReusableView.m in Sources */,
				49DDE27E24A1EBC0001C0643 /* BDMeTopFourCell.m in Sources */,
				4968226B24A75807002F1067 /* BDDefineScrollView.m in Sources */,
				4968227424A76B30002F1067 /* UIViewController+BDScroll.m in Sources */,
				49DDE26F24A0D7C3001C0643 /* BDMeHeadView.m in Sources */,
				6003F59A195388D20070C39A /* main.m in Sources */,
				497F256524A9976F00F5A0AD /* BDBJHNewsCell.m in Sources */,
			);
			runOnlyForDeploymentPostprocessing = 0;
		};
		6003F5AA195388D20070C39A /* Sources */ = {
			isa = PBXSourcesBuildPhase;
			buildActionMask = 2147483647;
			files = (
				6003F5BC195388D20070C39A /* Tests.m in Sources */,
			);
			runOnlyForDeploymentPostprocessing = 0;
		};
/* End PBXSourcesBuildPhase section */

/* Begin PBXTargetDependency section */
		6003F5B4195388D20070C39A /* PBXTargetDependency */ = {
			isa = PBXTargetDependency;
			target = 6003F589195388D20070C39A /* BeiJingDailyInfomant_Example */;
			targetProxy = 6003F5B3195388D20070C39A /* PBXContainerItemProxy */;
		};
/* End PBXTargetDependency section */

/* Begin PBXVariantGroup section */
		6003F596195388D20070C39A /* InfoPlist.strings */ = {
			isa = PBXVariantGroup;
			children = (
				6003F597195388D20070C39A /* en */,
				497F256124A8955200F5A0AD /* zh-Hans */,
			);
			name = InfoPlist.strings;
			sourceTree = "<group>";
		};
		6003F5B8195388D20070C39A /* InfoPlist.strings */ = {
			isa = PBXVariantGroup;
			children = (
				6003F5B9195388D20070C39A /* en */,
				497F256224A8955200F5A0AD /* zh-Hans */,
			);
			name = InfoPlist.strings;
			sourceTree = "<group>";
		};
		71719F9D1E33DC2100824A3D /* LaunchScreen.storyboard */ = {
			isa = PBXVariantGroup;
			children = (
				71719F9E1E33DC2100824A3D /* Base */,
				497F256024A8955200F5A0AD /* zh-Hans */,
			);
			name = LaunchScreen.storyboard;
			sourceTree = "<group>";
		};
/* End PBXVariantGroup section */

/* Begin XCBuildConfiguration section */
		6003F5BD195388D20070C39A /* Debug */ = {
			isa = XCBuildConfiguration;
			buildSettings = {
				ALWAYS_SEARCH_USER_PATHS = NO;
				CLANG_CXX_LANGUAGE_STANDARD = "gnu++0x";
				CLANG_CXX_LIBRARY = "libc++";
				CLANG_ENABLE_MODULES = YES;
				CLANG_ENABLE_OBJC_ARC = YES;
				CLANG_WARN_BOOL_CONVERSION = YES;
				CLANG_WARN_CONSTANT_CONVERSION = YES;
				CLANG_WARN_DIRECT_OBJC_ISA_USAGE = YES_ERROR;
				CLANG_WARN_EMPTY_BODY = YES;
				CLANG_WARN_ENUM_CONVERSION = YES;
				CLANG_WARN_INT_CONVERSION = YES;
				CLANG_WARN_OBJC_ROOT_CLASS = YES_ERROR;
				CLANG_WARN__DUPLICATE_METHOD_MATCH = YES;
				"CODE_SIGN_IDENTITY[sdk=iphoneos*]" = "iPhone Developer";
				COPY_PHASE_STRIP = NO;
				ENABLE_TESTABILITY = YES;
				GCC_C_LANGUAGE_STANDARD = gnu99;
				GCC_DYNAMIC_NO_PIC = NO;
				GCC_OPTIMIZATION_LEVEL = 0;
				GCC_PREPROCESSOR_DEFINITIONS = (
					"DEBUG=1",
					"$(inherited)",
				);
				GCC_SYMBOLS_PRIVATE_EXTERN = NO;
				GCC_WARN_64_TO_32_BIT_CONVERSION = YES;
				GCC_WARN_ABOUT_RETURN_TYPE = YES_ERROR;
				GCC_WARN_UNDECLARED_SELECTOR = YES;
				GCC_WARN_UNINITIALIZED_AUTOS = YES_AGGRESSIVE;
				GCC_WARN_UNUSED_FUNCTION = YES;
				GCC_WARN_UNUSED_VARIABLE = YES;
				IPHONEOS_DEPLOYMENT_TARGET = 9.3;
				ONLY_ACTIVE_ARCH = YES;
				SDKROOT = iphoneos;
				TARGETED_DEVICE_FAMILY = "1,2";
			};
			name = Debug;
		};
		6003F5BE195388D20070C39A /* Release */ = {
			isa = XCBuildConfiguration;
			buildSettings = {
				ALWAYS_SEARCH_USER_PATHS = NO;
				CLANG_CXX_LANGUAGE_STANDARD = "gnu++0x";
				CLANG_CXX_LIBRARY = "libc++";
				CLANG_ENABLE_MODULES = YES;
				CLANG_ENABLE_OBJC_ARC = YES;
				CLANG_WARN_BOOL_CONVERSION = YES;
				CLANG_WARN_CONSTANT_CONVERSION = YES;
				CLANG_WARN_DIRECT_OBJC_ISA_USAGE = YES_ERROR;
				CLANG_WARN_EMPTY_BODY = YES;
				CLANG_WARN_ENUM_CONVERSION = YES;
				CLANG_WARN_INT_CONVERSION = YES;
				CLANG_WARN_OBJC_ROOT_CLASS = YES_ERROR;
				CLANG_WARN__DUPLICATE_METHOD_MATCH = YES;
				"CODE_SIGN_IDENTITY[sdk=iphoneos*]" = "iPhone Developer";
				COPY_PHASE_STRIP = YES;
				ENABLE_NS_ASSERTIONS = NO;
				GCC_C_LANGUAGE_STANDARD = gnu99;
				GCC_WARN_64_TO_32_BIT_CONVERSION = YES;
				GCC_WARN_ABOUT_RETURN_TYPE = YES_ERROR;
				GCC_WARN_UNDECLARED_SELECTOR = YES;
				GCC_WARN_UNINITIALIZED_AUTOS = YES_AGGRESSIVE;
				GCC_WARN_UNUSED_FUNCTION = YES;
				GCC_WARN_UNUSED_VARIABLE = YES;
				IPHONEOS_DEPLOYMENT_TARGET = 9.3;
				SDKROOT = iphoneos;
				TARGETED_DEVICE_FAMILY = "1,2";
				VALIDATE_PRODUCT = YES;
			};
			name = Release;
		};
		6003F5C0195388D20070C39A /* Debug */ = {
			isa = XCBuildConfiguration;
			baseConfigurationReference = 8AF941461D817FC5C1D2B16A /* Pods-BeiJingDailyInfomant_Example.debug.xcconfig */;
			buildSettings = {
				ASSETCATALOG_COMPILER_APPICON_NAME = AppIcon;
				DEVELOPMENT_TEAM = 56NGMCS5S7;
				GCC_PRECOMPILE_PREFIX_HEADER = YES;
				GCC_PREFIX_HEADER = "BeiJingDailyInfomant/BeiJingDailyInfomant-Prefix.pch";
				INFOPLIST_FILE = "BeiJingDailyInfomant/BeiJingDailyInfomant-Info.plist";
				MODULE_NAME = ExampleApp;
				PRODUCT_BUNDLE_IDENTIFIER = com.yyj.develop;
				PRODUCT_NAME = "$(TARGET_NAME)";
				SWIFT_VERSION = 4.0;
				TARGETED_DEVICE_FAMILY = 1;
				WRAPPER_EXTENSION = app;
			};
			name = Debug;
		};
		6003F5C1195388D20070C39A /* Release */ = {
			isa = XCBuildConfiguration;
			baseConfigurationReference = A50507072EE596FF0DACBEAC /* Pods-BeiJingDailyInfomant_Example.release.xcconfig */;
			buildSettings = {
				ASSETCATALOG_COMPILER_APPICON_NAME = AppIcon;
				DEVELOPMENT_TEAM = 56NGMCS5S7;
				GCC_PRECOMPILE_PREFIX_HEADER = YES;
				GCC_PREFIX_HEADER = "BeiJingDailyInfomant/BeiJingDailyInfomant-Prefix.pch";
				INFOPLIST_FILE = "BeiJingDailyInfomant/BeiJingDailyInfomant-Info.plist";
				MODULE_NAME = ExampleApp;
				PRODUCT_BUNDLE_IDENTIFIER = com.yyj.develop;
				PRODUCT_NAME = "$(TARGET_NAME)";
				SWIFT_VERSION = 4.0;
				TARGETED_DEVICE_FAMILY = 1;
				WRAPPER_EXTENSION = app;
			};
			name = Release;
		};
		6003F5C3195388D20070C39A /* Debug */ = {
			isa = XCBuildConfiguration;
			baseConfigurationReference = 2621219264EEBCDDDF4131F3 /* Pods-BeiJingDailyInfomant_Tests.debug.xcconfig */;
			buildSettings = {
				BUNDLE_LOADER = "$(TEST_HOST)";
				FRAMEWORK_SEARCH_PATHS = (
					"$(PLATFORM_DIR)/Developer/Library/Frameworks",
					"$(inherited)",
					"$(DEVELOPER_FRAMEWORKS_DIR)",
				);
				GCC_PRECOMPILE_PREFIX_HEADER = YES;
				GCC_PREFIX_HEADER = "Tests/Tests-Prefix.pch";
				GCC_PREPROCESSOR_DEFINITIONS = (
					"DEBUG=1",
					"$(inherited)",
				);
				INFOPLIST_FILE = "Tests/Tests-Info.plist";
				PRODUCT_BUNDLE_IDENTIFIER = "org.cocoapods.demo.${PRODUCT_NAME:rfc1034identifier}";
				PRODUCT_NAME = "$(TARGET_NAME)";
				SWIFT_VERSION = 4.0;
				TEST_HOST = "$(BUILT_PRODUCTS_DIR)/BeiJingDailyInfomant_Example.app/BeiJingDailyInfomant_Example";
				WRAPPER_EXTENSION = xctest;
			};
			name = Debug;
		};
		6003F5C4195388D20070C39A /* Release */ = {
			isa = XCBuildConfiguration;
			baseConfigurationReference = 2E271A2771E218C15864C672 /* Pods-BeiJingDailyInfomant_Tests.release.xcconfig */;
			buildSettings = {
				BUNDLE_LOADER = "$(TEST_HOST)";
				FRAMEWORK_SEARCH_PATHS = (
					"$(PLATFORM_DIR)/Developer/Library/Frameworks",
					"$(inherited)",
					"$(DEVELOPER_FRAMEWORKS_DIR)",
				);
				GCC_PRECOMPILE_PREFIX_HEADER = YES;
				GCC_PREFIX_HEADER = "Tests/Tests-Prefix.pch";
				INFOPLIST_FILE = "Tests/Tests-Info.plist";
				PRODUCT_BUNDLE_IDENTIFIER = "org.cocoapods.demo.${PRODUCT_NAME:rfc1034identifier}";
				PRODUCT_NAME = "$(TARGET_NAME)";
				SWIFT_VERSION = 4.0;
				TEST_HOST = "$(BUILT_PRODUCTS_DIR)/BeiJingDailyInfomant_Example.app/BeiJingDailyInfomant_Example";
				WRAPPER_EXTENSION = xctest;
			};
			name = Release;
		};
/* End XCBuildConfiguration section */

/* Begin XCConfigurationList section */
		6003F585195388D10070C39A /* Build configuration list for PBXProject "BeiJingDailyInfomant" */ = {
			isa = XCConfigurationList;
			buildConfigurations = (
				6003F5BD195388D20070C39A /* Debug */,
				6003F5BE195388D20070C39A /* Release */,
			);
			defaultConfigurationIsVisible = 0;
			defaultConfigurationName = Release;
		};
		6003F5BF195388D20070C39A /* Build configuration list for PBXNativeTarget "BeiJingDailyInfomant_Example" */ = {
			isa = XCConfigurationList;
			buildConfigurations = (
				6003F5C0195388D20070C39A /* Debug */,
				6003F5C1195388D20070C39A /* Release */,
			);
			defaultConfigurationIsVisible = 0;
			defaultConfigurationName = Release;
		};
		6003F5C2195388D20070C39A /* Build configuration list for PBXNativeTarget "BeiJingDailyInfomant_Tests" */ = {
			isa = XCConfigurationList;
			buildConfigurations = (
				6003F5C3195388D20070C39A /* Debug */,
				6003F5C4195388D20070C39A /* Release */,
			);
			defaultConfigurationIsVisible = 0;
			defaultConfigurationName = Release;
		};
/* End XCConfigurationList section */
	};
	rootObject = 6003F582195388D10070C39A /* Project object */;
}
